// !$*UTF8*$!
{
	archiveVersion = 1;
	classes = {
	};
	objectVersion = 46;
	objects = {

/* Begin PBXBuildFile section */
		A6D43E011E40280400FF955F /* main.swift in Sources */ = {isa = PBXBuildFile; fileRef = A6D43E001E40280400FF955F /* main.swift */; };
		A6D43E0E1E40285900FF955F /* Tests.swift in Sources */ = {isa = PBXBuildFile; fileRef = A6D43E0D1E40285900FF955F /* Tests.swift */; };
		A6D43E141E4028D000FF955F /* Parser.swift in Sources */ = {isa = PBXBuildFile; fileRef = A6D43E131E4028D000FF955F /* Parser.swift */; };
		A6D43E151E40293B00FF955F /* Parser.swift in Sources */ = {isa = PBXBuildFile; fileRef = A6D43E131E4028D000FF955F /* Parser.swift */; };
/* End PBXBuildFile section */

/* Begin PBXCopyFilesBuildPhase section */
		A6D43DFB1E40280400FF955F /* CopyFiles */ = {
			isa = PBXCopyFilesBuildPhase;
			buildActionMask = 2147483647;
			dstPath = /usr/share/man/man1/;
			dstSubfolderSpec = 0;
			files = (
			);
			runOnlyForDeploymentPostprocessing = 1;
		};
/* End PBXCopyFilesBuildPhase section */

/* Begin PBXFileReference section */
		A6D43DFD1E40280400FF955F /* KataArgsSwift */ = {isa = PBXFileReference; explicitFileType = "compiled.mach-o.executable"; includeInIndex = 0; path = KataArgsSwift; sourceTree = BUILT_PRODUCTS_DIR; };
		A6D43E001E40280400FF955F /* main.swift */ = {isa = PBXFileReference; lastKnownFileType = sourcecode.swift; path = main.swift; sourceTree = "<group>"; };
		A6D43E0B1E40285900FF955F /* Tests.xctest */ = {isa = PBXFileReference; explicitFileType = wrapper.cfbundle; includeInIndex = 0; path = Tests.xctest; sourceTree = BUILT_PRODUCTS_DIR; };
		A6D43E0D1E40285900FF955F /* Tests.swift */ = {isa = PBXFileReference; lastKnownFileType = sourcecode.swift; path = Tests.swift; sourceTree = "<group>"; };
		A6D43E0F1E40285900FF955F /* Info.plist */ = {isa = PBXFileReference; lastKnownFileType = text.plist.xml; path = Info.plist; sourceTree = "<group>"; };
		A6D43E131E4028D000FF955F /* Parser.swift */ = {isa = PBXFileReference; fileEncoding = 4; lastKnownFileType = sourcecode.swift; path = Parser.swift; sourceTree = "<group>"; };
/* End PBXFileReference section */

/* Begin PBXFrameworksBuildPhase section */
		A6D43DFA1E40280400FF955F /* Frameworks */ = {
			isa = PBXFrameworksBuildPhase;
			buildActionMask = 2147483647;
			files = (
			);
			runOnlyForDeploymentPostprocessing = 0;
		};
		A6D43E081E40285900FF955F /* Frameworks */ = {
			isa = PBXFrameworksBuildPhase;
			buildActionMask = 2147483647;
			files = (
			);
			runOnlyForDeploymentPostprocessing = 0;
		};
/* End PBXFrameworksBuildPhase section */

/* Begin PBXGroup section */
		A6D43DF41E40280400FF955F = {
			isa = PBXGroup;
			children = (
				A6D43DFF1E40280400FF955F /* KataArgsSwift */,
				A6D43E0C1E40285900FF955F /* Tests */,
				A6D43DFE1E40280400FF955F /* Products */,
			);
			sourceTree = "<group>";
		};
		A6D43DFE1E40280400FF955F /* Products */ = {
			isa = PBXGroup;
			children = (
				A6D43DFD1E40280400FF955F /* KataArgsSwift */,
				A6D43E0B1E40285900FF955F /* Tests.xctest */,
			);
			name = Products;
			sourceTree = "<group>";
		};
		A6D43DFF1E40280400FF955F /* KataArgsSwift */ = {
			isa = PBXGroup;
			children = (
				A6D43E001E40280400FF955F /* main.swift */,
				A6D43E131E4028D000FF955F /* Parser.swift */,
			);
			path = KataArgsSwift;
			sourceTree = "<group>";
		};
		A6D43E0C1E40285900FF955F /* Tests */ = {
			isa = PBXGroup;
			children = (
				A6D43E0D1E40285900FF955F /* Tests.swift */,
				A6D43E0F1E40285900FF955F /* Info.plist */,
			);
			path = Tests;
			sourceTree = "<group>";
		};
/* End PBXGroup section */

/* Begin PBXNativeTarget section */
		A6D43DFC1E40280400FF955F /* KataArgsSwift */ = {
			isa = PBXNativeTarget;
			buildConfigurationList = A6D43E041E40280400FF955F /* Build configuration list for PBXNativeTarget "KataArgsSwift" */;
			buildPhases = (
				A6D43DF91E40280400FF955F /* Sources */,
				A6D43DFA1E40280400FF955F /* Frameworks */,
				A6D43DFB1E40280400FF955F /* CopyFiles */,
			);
			buildRules = (
			);
			dependencies = (
			);
			name = KataArgsSwift;
			productName = KataArgsSwift;
			productReference = A6D43DFD1E40280400FF955F /* KataArgsSwift */;
			productType = "com.apple.product-type.tool";
		};
		A6D43E0A1E40285900FF955F /* Tests */ = {
			isa = PBXNativeTarget;
			buildConfigurationList = A6D43E101E40285900FF955F /* Build configuration list for PBXNativeTarget "Tests" */;
			buildPhases = (
				A6D43E071E40285900FF955F /* Sources */,
				A6D43E081E40285900FF955F /* Frameworks */,
				A6D43E091E40285900FF955F /* Resources */,
			);
			buildRules = (
			);
			dependencies = (
			);
			name = Tests;
			productName = Tests;
			productReference = A6D43E0B1E40285900FF955F /* Tests.xctest */;
			productType = "com.apple.product-type.bundle.unit-test";
		};
/* End PBXNativeTarget section */

/* Begin PBXProject section */
		A6D43DF51E40280400FF955F /* Project object */ = {
			isa = PBXProject;
			attributes = {
				LastSwiftUpdateCheck = 0820;
				LastUpgradeCheck = 0820;
				ORGANIZATIONNAME = "Igor Kantor";
				TargetAttributes = {
					A6D43DFC1E40280400FF955F = {
						CreatedOnToolsVersion = 8.2.1;
						DevelopmentTeam = AUP79D422L;
						ProvisioningStyle = Automatic;
					};
					A6D43E0A1E40285900FF955F = {
						CreatedOnToolsVersion = 8.2.1;
						DevelopmentTeam = AUP79D422L;
						ProvisioningStyle = Automatic;
					};
				};
			};
			buildConfigurationList = A6D43DF81E40280400FF955F /* Build configuration list for PBXProject "KataArgsSwift" */;
			compatibilityVersion = "Xcode 3.2";
			developmentRegion = English;
			hasScannedForEncodings = 0;
			knownRegions = (
				en,
			);
			mainGroup = A6D43DF41E40280400FF955F;
			productRefGroup = A6D43DFE1E40280400FF955F /* Products */;
			projectDirPath = "";
			projectRoot = "";
			targets = (
				A6D43DFC1E40280400FF955F /* KataArgsSwift */,
				A6D43E0A1E40285900FF955F /* Tests */,
			);
		};
/* End PBXProject section */

/* Begin PBXResourcesBuildPhase section */
		A6D43E091E40285900FF955F /* Resources */ = {
			isa = PBXResourcesBuildPhase;
			buildActionMask = 2147483647;
			files = (
			);
			runOnlyForDeploymentPostprocessing = 0;
		};
/* End PBXResourcesBuildPhase section */

/* Begin PBXSourcesBuildPhase section */
		A6D43DF91E40280400FF955F /* Sources */ = {
			isa = PBXSourcesBuildPhase;
			buildActionMask = 2147483647;
			files = (
				A6D43E141E4028D000FF955F /* Parser.swift in Sources */,
				A6D43E011E40280400FF955F /* main.swift in Sources */,
			);
			runOnlyForDeploymentPostprocessing = 0;
		};
		A6D43E071E40285900FF955F /* Sources */ = {
			isa = PBXSourcesBuildPhase;
			buildActionMask = 2147483647;
			files = (
				A6D43E151E40293B00FF955F /* Parser.swift in Sources */,
				A6D43E0E1E40285900FF955F /* Tests.swift in Sources */,
			);
			runOnlyForDeploymentPostprocessing = 0;
		};
/* End PBXSourcesBuildPhase section */

/* Begin XCBuildConfiguration section */
		A6D43E021E40280400FF955F /* Debug */ = {
			isa = XCBuildConfiguration;
			buildSettings = {
				ALWAYS_SEARCH_USER_PATHS = NO;
				CLANG_ANALYZER_NONNULL = YES;
				CLANG_CXX_LANGUAGE_STANDARD = "gnu++0x";
				CLANG_CXX_LIBRARY = "libc++";
				CLANG_ENABLE_MODULES = YES;
				CLANG_ENABLE_OBJC_ARC = YES;
				CLANG_WARN_BOOL_CONVERSION = YES;
				CLANG_WARN_CONSTANT_CONVERSION = YES;
				CLANG_WARN_DIRECT_OBJC_ISA_USAGE = YES_ERROR;
				CLANG_WARN_DOCUMENTATION_COMMENTS = YES;
				CLANG_WARN_EMPTY_BODY = YES;
				CLANG_WARN_ENUM_CONVERSION = YES;
				CLANG_WARN_INFINITE_RECURSION = YES;
				CLANG_WARN_INT_CONVERSION = YES;
				CLANG_WARN_OBJC_ROOT_CLASS = YES_ERROR;
				CLANG_WARN_SUSPICIOUS_MOVE = YES;
				CLANG_WARN_UNREACHABLE_CODE = YES;
				CLANG_WARN__DUPLICATE_METHOD_MATCH = YES;
				CODE_SIGN_IDENTITY = "-";
				COPY_PHASE_STRIP = NO;
				DEBUG_INFORMATION_FORMAT = dwarf;
				ENABLE_STRICT_OBJC_MSGSEND = YES;
				ENABLE_TESTABILITY = YES;
				GCC_C_LANGUAGE_STANDARD = gnu99;
				GCC_DYNAMIC_NO_PIC = NO;
				GCC_NO_COMMON_BLOCKS = YES;
				GCC_OPTIMIZATION_LEVEL = 0;
				GCC_PREPROCESSOR_DEFINITIONS = (
					"DEBUG=1",
					"$(inherited)",
				);
				GCC_WARN_64_TO_32_BIT_CONVERSION = YES;
				GCC_WARN_ABOUT_RETURN_TYPE = YES_ERROR;
				GCC_WARN_UNDECLARED_SELECTOR = YES;
				GCC_WARN_UNINITIALIZED_AUTOS = YES_AGGRESSIVE;
				GCC_WARN_UNUSED_FUNCTION = YES;
				GCC_WARN_UNUSED_VARIABLE = YES;
				MACOSX_DEPLOYMENT_TARGET = 10.11;
				MTL_ENABLE_DEBUG_INFO = YES;
				ONLY_ACTIVE_ARCH = YES;
				SDKROOT = macosx;
				SWIFT_OPTIMIZATION_LEVEL = "-Onone";
			};
			name = Debug;
		};
		A6D43E031E40280400FF955F /* Release */ = {
			isa = XCBuildConfiguration;
			buildSettings = {
				ALWAYS_SEARCH_USER_PATHS = NO;
				CLANG_ANALYZER_NONNULL = YES;
				CLANG_CXX_LANGUAGE_STANDARD = "gnu++0x";
				CLANG_CXX_LIBRARY = "libc++";
				CLANG_ENABLE_MODULES = YES;
				CLANG_ENABLE_OBJC_ARC = YES;
				CLANG_WARN_BOOL_CONVERSION = YES;
				CLANG_WARN_CONSTANT_CONVERSION = YES;
				CLANG_WARN_DIRECT_OBJC_ISA_USAGE = YES_ERROR;
				CLANG_WARN_DOCUMENTATION_COMMENTS = YES;
				CLANG_WARN_EMPTY_BODY = YES;
				CLANG_WARN_ENUM_CONVERSION = YES;
				CLANG_WARN_INFINITE_RECURSION = YES;
				CLANG_WARN_INT_CONVERSION = YES;
				CLANG_WARN_OBJC_ROOT_CLASS = YES_ERROR;
				CLANG_WARN_SUSPICIOUS_MOVE = YES;
				CLANG_WARN_UNREACHABLE_CODE = YES;
				CLANG_WARN__DUPLICATE_METHOD_MATCH = YES;
				CODE_SIGN_IDENTITY = "-";
				COPY_PHASE_STRIP = NO;
				DEBUG_INFORMATION_FORMAT = "dwarf-with-dsym";
				ENABLE_NS_ASSERTIONS = NO;
				ENABLE_STRICT_OBJC_MSGSEND = YES;
				GCC_C_LANGUAGE_STANDARD = gnu99;
				GCC_NO_COMMON_BLOCKS = YES;
				GCC_WARN_64_TO_32_BIT_CONVERSION = YES;
				GCC_WARN_ABOUT_RETURN_TYPE = YES_ERROR;
				GCC_WARN_UNDECLARED_SELECTOR = YES;
				GCC_WARN_UNINITIALIZED_AUTOS = YES_AGGRESSIVE;
				GCC_WARN_UNUSED_FUNCTION = YES;
				GCC_WARN_UNUSED_VARIABLE = YES;
				MACOSX_DEPLOYMENT_TARGET = 10.11;
				MTL_ENABLE_DEBUG_INFO = NO;
				SDKROOT = macosx;
			};
			name = Release;
		};
		A6D43E051E40280400FF955F /* Debug */ = {
			isa = XCBuildConfiguration;
			buildSettings = {
				DEVELOPMENT_TEAM = AUP79D422L;
				PRODUCT_NAME = "$(TARGET_NAME)";
				SWIFT_VERSION = 3.0;
			};
			name = Debug;
		};
		A6D43E061E40280400FF955F /* Release */ = {
			isa = XCBuildConfiguration;
			buildSettings = {
				DEVELOPMENT_TEAM = AUP79D422L;
				PRODUCT_NAME = "$(TARGET_NAME)";
				SWIFT_VERSION = 3.0;
			};
			name = Release;
		};
		A6D43E111E40285900FF955F /* Debug */ = {
			isa = XCBuildConfiguration;
			buildSettings = {
				COMBINE_HIDPI_IMAGES = YES;
				DEVELOPMENT_TEAM = AUP79D422L;
				INFOPLIST_FILE = Tests/Info.plist;
				LD_RUNPATH_SEARCH_PATHS = "$(inherited) @executable_path/../Frameworks @loader_path/../Frameworks";
				PRODUCT_BUNDLE_IDENTIFIER = IW.Tests;
				PRODUCT_NAME = "$(TARGET_NAME)";
				SWIFT_ACTIVE_COMPILATION_CONDITIONS = DEBUG;
				SWIFT_VERSION = 3.0;
			};
			name = Debug;
		};
		A6D43E121E40285900FF955F /* Release */ = {
			isa = XCBuildConfiguration;
			buildSettings = {
				COMBINE_HIDPI_IMAGES = YES;
				DEVELOPMENT_TEAM = AUP79D422L;
				INFOPLIST_FILE = Tests/Info.plist;
				LD_RUNPATH_SEARCH_PATHS = "$(inherited) @executable_path/../Frameworks @loader_path/../Frameworks";
				PRODUCT_BUNDLE_IDENTIFIER = IW.Tests;
				PRODUCT_NAME = "$(TARGET_NAME)";
				SWIFT_OPTIMIZATION_LEVEL = "-Owholemodule";
				SWIFT_VERSION = 3.0;
			};
			name = Release;
		};
/* End XCBuildConfiguration section */

/* Begin XCConfigurationList section */
		A6D43DF81E40280400FF955F /* Build configuration list for PBXProject "KataArgsSwift" */ = {
			isa = XCConfigurationList;
			buildConfigurations = (
				A6D43E021E40280400FF955F /* Debug */,
				A6D43E031E40280400FF955F /* Release */,
			);
			defaultConfigurationIsVisible = 0;
			defaultConfigurationName = Release;
		};
		A6D43E041E40280400FF955F /* Build configuration list for PBXNativeTarget "KataArgsSwift" */ = {
			isa = XCConfigurationList;
			buildConfigurations = (
				A6D43E051E40280400FF955F /* Debug */,
				A6D43E061E40280400FF955F /* Release */,
			);
			defaultConfigurationIsVisible = 0;
		};
		A6D43E101E40285900FF955F /* Build configuration list for PBXNativeTarget "Tests" */ = {
			isa = XCConfigurationList;
			buildConfigurations = (
				A6D43E111E40285900FF955F /* Debug */,
				A6D43E121E40285900FF955F /* Release */,
			);
			defaultConfigurationIsVisible = 0;
		};
/* End XCConfigurationList section */
	};
	rootObject = A6D43DF51E40280400FF955F /* Project object */;
}
